<?xml version="1.0" encoding="utf-8"?>
<Project ToolsVersion="4.0" xmlns="http://schemas.microsoft.com/developer/msbuild/2003">
  <ItemGroup>
    <Filter Include="Source Files">
      <UniqueIdentifier>{4FC737F1-C7A5-4376-A066-2A32D752A2FF}</UniqueIdentifier>
      <Extensions>cpp;c;cc;cxx;def;odl;idl;hpj;bat;asm;asmx</Extensions>
    </Filter>
    <Filter Include="Header Files">
      <UniqueIdentifier>{93995380-89BD-4b04-88EB-625FBE52EBFB}</UniqueIdentifier>
      <Extensions>h;hh;hpp;hxx;hm;inl;inc;ipp;xsd</Extensions>
    </Filter>
    <Filter Include="Resource Files">
      <UniqueIdentifier>{67DA6AB6-F800-4c08-8B7A-83BB121AAD01}</UniqueIdentifier>
      <Extensions>rc;ico;cur;bmp;dlg;rc2;rct;bin;rgs;gif;jpg;jpeg;jpe;resx;tiff;tif;png;wav;mfcribbon-ms</Extensions>
    </Filter>
    <Filter Include="Header Files\Colors">
      <UniqueIdentifier>{81692c95-8024-451f-96bb-540e41883f04}</UniqueIdentifier>
    </Filter>
    <Filter Include="Header Files\Features">
      <UniqueIdentifier>{270d8de8-968e-4bad-bee4-424d47a4f757}</UniqueIdentifier>
    </Filter>
    <Filter Include="Header Files\SDK">
      <UniqueIdentifier>{a23d1920-222c-4362-9763-6d38450140eb}</UniqueIdentifier>
    </Filter>
    <Filter Include="Source Files\Features">
      <UniqueIdentifier>{51a85478-41c4-4720-9386-36001287a85f}</UniqueIdentifier>
    </Filter>
    <Filter Include="Header Files\Hook Stuff">
      <UniqueIdentifier>{2dadded8-3eb1-465e-86a3-ca094b49fefa}</UniqueIdentifier>
    </Filter>
    <Filter Include="Header Files\Entity Stuff">
      <UniqueIdentifier>{4aace8d3-050d-47ce-bb77-437dd570989c}</UniqueIdentifier>
    </Filter>
    <Filter Include="Source Files\Entity Stuff">
      <UniqueIdentifier>{5edbb6ad-4613-4e20-a345-bc4ae527cea5}</UniqueIdentifier>
    </Filter>
  </ItemGroup>
  <ItemGroup>
    <ClCompile Include="Source.cpp">
      <Filter>Source Files</Filter>
    </ClCompile>
    <ClCompile Include="Interface.cpp">
      <Filter>Source Files</Filter>
    </ClCompile>
    <ClCompile Include="Math.cpp">
      <Filter>Source Files</Filter>
    </ClCompile>
    <ClCompile Include="Aimbot.cpp">
      <Filter>Source Files\Features</Filter>
    </ClCompile>
    <ClCompile Include="ESP.cpp">
      <Filter>Source Files\Features</Filter>
    </ClCompile>
    <ClCompile Include="Entity.cpp">
      <Filter>Source Files\Entity Stuff</Filter>
    </ClCompile>
  </ItemGroup>
  <ItemGroup>
    <ClInclude Include="Math.h">
      <Filter>Header Files</Filter>
    </ClInclude>
    <ClInclude Include="Color.h">
      <Filter>Header Files\Colors</Filter>
    </ClInclude>
    <ClInclude Include="Aimbot.h">
      <Filter>Header Files\Features</Filter>
    </ClInclude>
    <ClInclude Include="ESP.h">
      <Filter>Header Files\Features</Filter>
    </ClInclude>
    <ClInclude Include="QAngle.h">
      <Filter>Header Files\SDK</Filter>
    </ClInclude>
    <ClInclude Include="SDK Stuff.h">
      <Filter>Header Files\SDK</Filter>
    </ClInclude>
    <ClInclude Include="ModelInfo.h">
      <Filter>Header Files\SDK</Filter>
    </ClInclude>
    <ClInclude Include="Matrix.h">
      <Filter>Header Files\SDK</Filter>
    </ClInclude>
    <ClInclude Include="Vector.h">
      <Filter>Header Files\SDK</Filter>
    </ClInclude>
    <ClInclude Include="Hooks.h">
      <Filter>Header Files\Hook Stuff</Filter>
    </ClInclude>
    <ClInclude Include="Interface.h">
      <Filter>Header Files\Hook Stuff</Filter>
    </ClInclude>
    <ClInclude Include="InterfaceVT.h">
      <Filter>Header Files\Hook Stuff</Filter>
    </ClInclude>
    <ClInclude Include="Entity.h">
      <Filter>Header Files\Entity Stuff</Filter>
    </ClInclude>
  </ItemGroup>
</Project>